{
  "name": "sop",
  "lockfileVersion": 3,
  "requires": true,
  "packages": {
    "": {
      "dependencies": {
        "openai": "^5.10.3"
      }
    },
    "node_modules/openai": {
      "version": "5.10.3",
      "resolved": "https://registry.npmjs.org/openai/-/openai-5.10.3.tgz",
      "integrity": "sha512-dQdowRAXwuKrzgHK7PJp+rUNrIX3Nw00YJofvC3BE+PddhcMzaRUazePLeHv5L2qC7BUNtjgiT661udZKFevtw==",
      "license": "Apache-2.0",
      "bin": {
        "openai": "bin/cli"
      },
      "peerDependencies": {
        "ws": "^8.18.0",
        "zod": "^3.23.8"
      },
      "peerDependenciesMeta": {
        "ws": {
          "optional": true
        },
        "zod": {
          "optional": true
        }
      }
    }
  }
}
